{
  "lockfile_version": "1",
  "packages": {
    "envsubst@1.4.3": {
      "last_modified": "2025-03-13T11:38:39Z",
      "resolved": "github:NixOS/nixpkgs/573c650e8a14b2faa0041645ab18aed7e60f0c9a#envsubst",
      "source": "devbox-search",
      "version": "1.4.3",
      "systems": {
        "aarch64-darwin": {
          "outputs": [
            {
              "name": "out",
              "path": "/nix/store/7mjq4k1cml69mlzs6s8angvrlmimg46l-envsubst-1.4.3",
              "default": true
            }
          ],
          "store_path": "/nix/store/7mjq4k1cml69mlzs6s8angvrlmimg46l-envsubst-1.4.3"
        },
        "aarch64-linux": {
          "outputs": [
            {
              "name": "out",
              "path": "/nix/store/525gfxbch1hcbm3dayxhjbi6pz8wbjgn-envsubst-1.4.3",
              "default": true
            }
          ],
          "store_path": "/nix/store/525gfxbch1hcbm3dayxhjbi6pz8wbjgn-envsubst-1.4.3"
        },
        "x86_64-darwin": {
          "outputs": [
            {
              "name": "out",
              "path": "/nix/store/1kv0wdd1cpgcixhqcjl9pk426fin7r91-envsubst-1.4.3",
              "default": true
            }
          ],
          "store_path": "/nix/store/1kv0wdd1cpgcixhqcjl9pk426fin7r91-envsubst-1.4.3"
        },
        "x86_64-linux": {
          "outputs": [
            {
              "name": "out",
              "path": "/nix/store/mrd7mba205x134jq7ghcmi19rbr8clxj-envsubst-1.4.3",
              "default": true
            }
          ],
          "store_path": "/nix/store/mrd7mba205x134jq7ghcmi19rbr8clxj-envsubst-1.4.3"
        }
      }
    },
    "github:NixOS/nixpkgs/nixpkgs-unstable": {
      "resolved": "github:NixOS/nixpkgs/1128e89fd5e11bb25aedbfc287733c6502202ea9?lastModified=1739451785&narHash=sha256-3ebRdThRic9bHMuNi2IAA%2Fek9b32bsy8F5R4SvGTIog%3D"
    },
    "gum@0.15.2": {
      "last_modified": "2025-02-09T21:53:45Z",
      "resolved": "github:NixOS/nixpkgs/b2243f41e860ac85c0b446eadc6930359b294e79#gum",
      "source": "devbox-search",
      "version": "0.15.2",
      "systems": {
        "aarch64-darwin": {
          "outputs": [
            {
              "name": "out",
              "path": "/nix/store/jklh2l06j8hicjp42pjjzhzc0dkk23v1-gum-0.15.2",
              "default": true
            }
          ],
          "store_path": "/nix/store/jklh2l06j8hicjp42pjjzhzc0dkk23v1-gum-0.15.2"
        },
        "aarch64-linux": {
          "outputs": [
            {
              "name": "out",
              "path": "/nix/store/bwdv1p25swi6h7adikmk9zxc87pl9ka4-gum-0.15.2",
              "default": true
            }
          ],
          "store_path": "/nix/store/bwdv1p25swi6h7adikmk9zxc87pl9ka4-gum-0.15.2"
        },
        "x86_64-darwin": {
          "outputs": [
            {
              "name": "out",
              "path": "/nix/store/fhwxirvidsx5qn3rvln7cjh1d1q43fvm-gum-0.15.2",
              "default": true
            }
          ],
          "store_path": "/nix/store/fhwxirvidsx5qn3rvln7cjh1d1q43fvm-gum-0.15.2"
        },
        "x86_64-linux": {
          "outputs": [
            {
              "name": "out",
              "path": "/nix/store/k8irafaaw0qkq4ihsax2lccr6srf1mnx-gum-0.15.2",
              "default": true
            }
          ],
          "store_path": "/nix/store/k8irafaaw0qkq4ihsax2lccr6srf1mnx-gum-0.15.2"
        }
      }
    }
  }
}
