{
  "lockfile_version": "1",
  "packages": {
    "github:NixOS/nixpkgs/nixpkgs-unstable": {
      "resolved": "github:NixOS/nixpkgs/1128e89fd5e11bb25aedbfc287733c6502202ea9?lastModified=1739451785&narHash=sha256-3ebRdThRic9bHMuNi2IAA%2Fek9b32bsy8F5R4SvGTIog%3D"
    },
    "gum@0.15.2": {
      "last_modified": "2025-02-09T21:53:45Z",
      "resolved": "github:NixOS/nixpkgs/b2243f41e860ac85c0b446eadc6930359b294e79#gum",
      "source": "devbox-search",
      "version": "0.15.2",
      "systems": {
        "aarch64-darwin": {
          "outputs": [
            {
              "name": "out",
              "path": "/nix/store/jklh2l06j8hicjp42pjjzhzc0dkk23v1-gum-0.15.2",
              "default": true
            }
          ],
          "store_path": "/nix/store/jklh2l06j8hicjp42pjjzhzc0dkk23v1-gum-0.15.2"
        },
        "aarch64-linux": {
          "outputs": [
            {
              "name": "out",
              "path": "/nix/store/bwdv1p25swi6h7adikmk9zxc87pl9ka4-gum-0.15.2",
              "default": true
            }
          ],
          "store_path": "/nix/store/bwdv1p25swi6h7adikmk9zxc87pl9ka4-gum-0.15.2"
        },
        "x86_64-darwin": {
          "outputs": [
            {
              "name": "out",
              "path": "/nix/store/fhwxirvidsx5qn3rvln7cjh1d1q43fvm-gum-0.15.2",
              "default": true
            }
          ],
          "store_path": "/nix/store/fhwxirvidsx5qn3rvln7cjh1d1q43fvm-gum-0.15.2"
        },
        "x86_64-linux": {
          "outputs": [
            {
              "name": "out",
              "path": "/nix/store/k8irafaaw0qkq4ihsax2lccr6srf1mnx-gum-0.15.2",
              "default": true
            }
          ],
          "store_path": "/nix/store/k8irafaaw0qkq4ihsax2lccr6srf1mnx-gum-0.15.2"
        }
      }
    }
  }
}
